
Microsoft Visual Studio Solution File, Format Version 12.00
# Visual Studio Version 16
VisualStudioVersion = 16.0.32106.194
MinimumVisualStudioVersion = 10.0.40219.1
Project("{FAE04EC0-301F-11D3-BF4B-00C04F79EFBC}") = "CRM", "CRM\CRM.csproj", "{BD72F2D9-0A56-41F5-891C-54285B8B9692}"
EndProject
Global
	GlobalSection(SolutionConfigurationPlatforms) = preSolution
		Debug|Any CPU = Debug|Any CPU
		Release|Any CPU = Release|Any CPU
	EndGlobalSection
	GlobalSection(ProjectConfigurationPlatforms) = postSolution
		{BD72F2D9-0A56-41F5-891C-54285B8B9692}.Debug|Any CPU.ActiveCfg = Debug|Any CPU
		{BD72F2D9-0A56-41F5-891C-54285B8B9692}.Debug|Any CPU.Build.0 = Debug|Any CPU
		{BD72F2D9-0A56-41F5-891C-54285B8B9692}.Release|Any CPU.ActiveCfg = Release|Any CPU
		{BD72F2D9-0A56-41F5-891C-54285B8B9692}.Release|Any CPU.Build.0 = Release|Any CPU
	EndGlobalSection
	GlobalSection(SolutionProperties) = preSolution
		HideSolutionNode = FALSE
	EndGlobalSection
	GlobalSection(ExtensibilityGlobals) = postSolution
		SolutionGuid = {FBB53579-14B9-47A6-8A31-B4FDF89869FC}
	EndGlobalSection
EndGlobal
